
Microsoft Visual Studio Solution File, Format Version 12.00
# Visual Studio Version 17
VisualStudioVersion = 17.8.34309.116
MinimumVisualStudioVersion = 10.0.40219.1
Project("{9A19103F-16F7-4668-BE54-9A1E7A4F7556}") = "Api.Swagger", "Api.Swagger\Api.Swagger.csproj", "{7E882B38-BA0B-43BC-8DBB-601E400BDCB5}"
EndProject
Global
	GlobalSection(SolutionConfigurationPlatforms) = preSolution
		Debug|Any CPU = Debug|Any CPU
		Release|Any CPU = Release|Any CPU
	EndGlobalSection
	GlobalSection(ProjectConfigurationPlatforms) = postSolution
		{7E882B38-BA0B-43BC-8DBB-601E400BDCB5}.Debug|Any CPU.ActiveCfg = Debug|Any CPU
		{7E882B38-BA0B-43BC-8DBB-601E400BDCB5}.Debug|Any CPU.Build.0 = Debug|Any CPU
		{7E882B38-BA0B-43BC-8DBB-601E400BDCB5}.Release|Any CPU.ActiveCfg = Release|Any CPU
		{7E882B38-BA0B-43BC-8DBB-601E400BDCB5}.Release|Any CPU.Build.0 = Release|Any CPU
	EndGlobalSection
	GlobalSection(SolutionProperties) = preSolution
		HideSolutionNode = FALSE
	EndGlobalSection
	GlobalSection(ExtensibilityGlobals) = postSolution
		SolutionGuid = {1EA861BD-E836-404D-A6D5-A7EFF6B6E34E}
	EndGlobalSection
EndGlobal
